
Microsoft Visual Studio Solution File, Format Version 12.00
# Visual Studio 15
VisualStudioVersion = 15.0.28307.852
MinimumVisualStudioVersion = 10.0.40219.1
Project("{FAE04EC0-301F-11D3-BF4B-00C04F79EFBC}") = "Test", "Test\Test.csproj", "{8D52E6A7-1639-410C-92CC-D4A4B642E33A}"
EndProject
Project("{FAE04EC0-301F-11D3-BF4B-00C04F79EFBC}") = "DataAccess", "DataAccess\DataAccess.csproj", "{C457AEC5-7558-4AA9-9F46-52EB4E8B5C3C}"
EndProject
Global
	GlobalSection(SolutionConfigurationPlatforms) = preSolution
		Debug|Any CPU = Debug|Any CPU
		Release|Any CPU = Release|Any CPU
	EndGlobalSection
	GlobalSection(ProjectConfigurationPlatforms) = postSolution
		{8D52E6A7-1639-410C-92CC-D4A4B642E33A}.Debug|Any CPU.ActiveCfg = Debug|Any CPU
		{8D52E6A7-1639-410C-92CC-D4A4B642E33A}.Debug|Any CPU.Build.0 = Debug|Any CPU
		{8D52E6A7-1639-410C-92CC-D4A4B642E33A}.Release|Any CPU.ActiveCfg = Release|Any CPU
		{8D52E6A7-1639-410C-92CC-D4A4B642E33A}.Release|Any CPU.Build.0 = Release|Any CPU
		{C457AEC5-7558-4AA9-9F46-52EB4E8B5C3C}.Debug|Any CPU.ActiveCfg = Debug|Any CPU
		{C457AEC5-7558-4AA9-9F46-52EB4E8B5C3C}.Debug|Any CPU.Build.0 = Debug|Any CPU
		{C457AEC5-7558-4AA9-9F46-52EB4E8B5C3C}.Release|Any CPU.ActiveCfg = Release|Any CPU
		{C457AEC5-7558-4AA9-9F46-52EB4E8B5C3C}.Release|Any CPU.Build.0 = Release|Any CPU
	EndGlobalSection
	GlobalSection(SolutionProperties) = preSolution
		HideSolutionNode = FALSE
	EndGlobalSection
	GlobalSection(ExtensibilityGlobals) = postSolution
		SolutionGuid = {D9F98091-B8E7-46AF-9976-8208CA470F50}
	EndGlobalSection
EndGlobal
